
Microsoft Visual Studio Solution File, Format Version 12.00
# Visual Studio Version 16
VisualStudioVersion = 16.0.30907.101
MinimumVisualStudioVersion = 10.0.40219.1
Project("{9A19103F-16F7-4668-BE54-9A1E7A4F7556}") = "MeterReading", "MeterReading\MeterReading.csproj", "{8C565C5D-D21F-4D4F-BBE5-88568480A396}"
EndProject
Project("{FAE04EC0-301F-11D3-BF4B-00C04F79EFBC}") = "MeterReadingTest", "MeterReadingTest\MeterReadingTest.csproj", "{1DFCF415-A8D0-4392-AE06-114D9F650BB3}"
EndProject
Global
	GlobalSection(SolutionConfigurationPlatforms) = preSolution
		Debug|Any CPU = Debug|Any CPU
		Release|Any CPU = Release|Any CPU
	EndGlobalSection
	GlobalSection(ProjectConfigurationPlatforms) = postSolution
		{8C565C5D-D21F-4D4F-BBE5-88568480A396}.Debug|Any CPU.ActiveCfg = Debug|Any CPU
		{8C565C5D-D21F-4D4F-BBE5-88568480A396}.Debug|Any CPU.Build.0 = Debug|Any CPU
		{8C565C5D-D21F-4D4F-BBE5-88568480A396}.Release|Any CPU.ActiveCfg = Release|Any CPU
		{8C565C5D-D21F-4D4F-BBE5-88568480A396}.Release|Any CPU.Build.0 = Release|Any CPU
		{1DFCF415-A8D0-4392-AE06-114D9F650BB3}.Debug|Any CPU.ActiveCfg = Debug|Any CPU
		{1DFCF415-A8D0-4392-AE06-114D9F650BB3}.Debug|Any CPU.Build.0 = Debug|Any CPU
		{1DFCF415-A8D0-4392-AE06-114D9F650BB3}.Release|Any CPU.ActiveCfg = Release|Any CPU
		{1DFCF415-A8D0-4392-AE06-114D9F650BB3}.Release|Any CPU.Build.0 = Release|Any CPU
	EndGlobalSection
	GlobalSection(SolutionProperties) = preSolution
		HideSolutionNode = FALSE
	EndGlobalSection
	GlobalSection(ExtensibilityGlobals) = postSolution
		SolutionGuid = {A9C52B70-4A6C-46D6-9B16-FD573F6166EA}
	EndGlobalSection
EndGlobal
